
Microsoft Visual Studio Solution File, Format Version 12.00
# Visual Studio Version 16
VisualStudioVersion = 16.0.30621.155
MinimumVisualStudioVersion = 10.0.40219.1
Project("{9A19103F-16F7-4668-BE54-9A1E7A4F7556}") = "SkribbleBE", "SkribbleBE\SkribbleBE.csproj", "{98A91C02-E0B4-4785-A137-B5DF6749924A}"
EndProject
Project("{9A19103F-16F7-4668-BE54-9A1E7A4F7556}") = "DataLayer", "DataLayer\DataLayer.csproj", "{2ED90B6B-BBC0-48DD-88D9-3D1771905C72}"
EndProject
Project("{9A19103F-16F7-4668-BE54-9A1E7A4F7556}") = "Authentication", "Authentication\Authentication.csproj", "{4BBA785E-DB55-47C8-85E1-48580AD05377}"
EndProject
Project("{FAE04EC0-301F-11D3-BF4B-00C04F79EFBC}") = "DTOs", "DTOs\DTOs.csproj", "{103AB0A4-9F2A-47F9-97E4-E0D5528DAD18}"
EndProject
Global
	GlobalSection(SolutionConfigurationPlatforms) = preSolution
		Debug|Any CPU = Debug|Any CPU
		Release|Any CPU = Release|Any CPU
	EndGlobalSection
	GlobalSection(ProjectConfigurationPlatforms) = postSolution
		{98A91C02-E0B4-4785-A137-B5DF6749924A}.Debug|Any CPU.ActiveCfg = Debug|Any CPU
		{98A91C02-E0B4-4785-A137-B5DF6749924A}.Debug|Any CPU.Build.0 = Debug|Any CPU
		{98A91C02-E0B4-4785-A137-B5DF6749924A}.Release|Any CPU.ActiveCfg = Release|Any CPU
		{98A91C02-E0B4-4785-A137-B5DF6749924A}.Release|Any CPU.Build.0 = Release|Any CPU
		{2ED90B6B-BBC0-48DD-88D9-3D1771905C72}.Debug|Any CPU.ActiveCfg = Debug|Any CPU
		{2ED90B6B-BBC0-48DD-88D9-3D1771905C72}.Debug|Any CPU.Build.0 = Debug|Any CPU
		{2ED90B6B-BBC0-48DD-88D9-3D1771905C72}.Release|Any CPU.ActiveCfg = Release|Any CPU
		{2ED90B6B-BBC0-48DD-88D9-3D1771905C72}.Release|Any CPU.Build.0 = Release|Any CPU
		{4BBA785E-DB55-47C8-85E1-48580AD05377}.Debug|Any CPU.ActiveCfg = Debug|Any CPU
		{4BBA785E-DB55-47C8-85E1-48580AD05377}.Debug|Any CPU.Build.0 = Debug|Any CPU
		{4BBA785E-DB55-47C8-85E1-48580AD05377}.Release|Any CPU.ActiveCfg = Release|Any CPU
		{4BBA785E-DB55-47C8-85E1-48580AD05377}.Release|Any CPU.Build.0 = Release|Any CPU
		{103AB0A4-9F2A-47F9-97E4-E0D5528DAD18}.Debug|Any CPU.ActiveCfg = Debug|Any CPU
		{103AB0A4-9F2A-47F9-97E4-E0D5528DAD18}.Debug|Any CPU.Build.0 = Debug|Any CPU
		{103AB0A4-9F2A-47F9-97E4-E0D5528DAD18}.Release|Any CPU.ActiveCfg = Release|Any CPU
		{103AB0A4-9F2A-47F9-97E4-E0D5528DAD18}.Release|Any CPU.Build.0 = Release|Any CPU
	EndGlobalSection
	GlobalSection(SolutionProperties) = preSolution
		HideSolutionNode = FALSE
	EndGlobalSection
	GlobalSection(ExtensibilityGlobals) = postSolution
		SolutionGuid = {69ABCB73-3641-4024-BCB4-CBD0F358AA4F}
	EndGlobalSection
EndGlobal
